
Microsoft Visual Studio Solution File, Format Version 12.00
# Visual Studio Version 16
VisualStudioVersion = 16.0.810.15
MinimumVisualStudioVersion = 10.0.40219.1
Project("{FAE04EC0-301F-11D3-BF4B-00C04F79EFBC}") = "Project002", "Project002.csproj", "{C3FF1B3E-C1AA-495A-82EF-5FAF21C18A30}"
EndProject
Global
	GlobalSection(SolutionConfigurationPlatforms) = preSolution
		Debug|anycpu = Debug|anycpu
		Release|anycpu = Release|anycpu
	EndGlobalSection
	GlobalSection(ProjectConfigurationPlatforms) = postSolution
		{C3FF1B3E-C1AA-495A-82EF-5FAF21C18A30}.Debug|anycpu.ActiveCfg = Debug|anycpu
		{C3FF1B3E-C1AA-495A-82EF-5FAF21C18A30}.Debug|anycpu.Build.0 = Debug|anycpu
		{C3FF1B3E-C1AA-495A-82EF-5FAF21C18A30}.Release|anycpu.ActiveCfg = Release|anycpu
		{C3FF1B3E-C1AA-495A-82EF-5FAF21C18A30}.Release|anycpu.Build.0 = Release|anycpu
	EndGlobalSection
	GlobalSection(SolutionProperties) = preSolution
		HideSolutionNode = FALSE
	EndGlobalSection
	GlobalSection(ExtensibilityGlobals) = postSolution
		SolutionGuid = {38DF1D37-397D-4CB7-89EE-5E7CCB6086DB}
	EndGlobalSection
EndGlobal
